
Microsoft Visual Studio Solution File, Format Version 12.00
# Visual Studio Version 17
VisualStudioVersion = 17.8.34525.116
MinimumVisualStudioVersion = 10.0.40219.1
Project("{FAE04EC0-301F-11D3-BF4B-00C04F79EFBC}") = "WebApi_Scrapping", "WebApi_Scrapping\WebApi_Scrapping.csproj", "{BB7FCAA1-044C-49F1-82D5-15EE5DCB8787}"
EndProject
Global
	GlobalSection(SolutionConfigurationPlatforms) = preSolution
		Debug|Any CPU = Debug|Any CPU
		Release|Any CPU = Release|Any CPU
	EndGlobalSection
	GlobalSection(ProjectConfigurationPlatforms) = postSolution
		{BB7FCAA1-044C-49F1-82D5-15EE5DCB8787}.Debug|Any CPU.ActiveCfg = Debug|Any CPU
		{BB7FCAA1-044C-49F1-82D5-15EE5DCB8787}.Debug|Any CPU.Build.0 = Debug|Any CPU
		{BB7FCAA1-044C-49F1-82D5-15EE5DCB8787}.Release|Any CPU.ActiveCfg = Release|Any CPU
		{BB7FCAA1-044C-49F1-82D5-15EE5DCB8787}.Release|Any CPU.Build.0 = Release|Any CPU
	EndGlobalSection
	GlobalSection(SolutionProperties) = preSolution
		HideSolutionNode = FALSE
	EndGlobalSection
	GlobalSection(ExtensibilityGlobals) = postSolution
		SolutionGuid = {DB6011DE-E259-4BC8-A934-65C9E3CEEECC}
	EndGlobalSection
EndGlobal
